
Microsoft Visual Studio Solution File, Format Version 12.00
# Visual Studio 14
VisualStudioVersion = 14.0.25420.1
MinimumVisualStudioVersion = 10.0.40219.1
Project("{FAE04EC0-301F-11D3-BF4B-00C04F79EFBC}") = "BuildBreaker.Vsix", "BuildBreaker\BuildBreaker.Vsix\BuildBreaker.Vsix.csproj", "{B825E126-1E93-4929-932A-FFBABBAE7DF0}"
EndProject
Project("{FAE04EC0-301F-11D3-BF4B-00C04F79EFBC}") = "BuildBreaker", "BuildBreaker\BuildBreaker\BuildBreaker.csproj", "{8911B782-6EC1-4ABC-A5C6-DF0AE029793E}"
EndProject
Global
	GlobalSection(SolutionConfigurationPlatforms) = preSolution
		Debug|Any CPU = Debug|Any CPU
		Release|Any CPU = Release|Any CPU
	EndGlobalSection
	GlobalSection(ProjectConfigurationPlatforms) = postSolution
		{5A5B0BF5-7637-4788-9156-BB6F73184814}.Debug|Any CPU.ActiveCfg = Debug|Any CPU
		{5A5B0BF5-7637-4788-9156-BB6F73184814}.Debug|Any CPU.Build.0 = Debug|Any CPU
		{5A5B0BF5-7637-4788-9156-BB6F73184814}.Release|Any CPU.ActiveCfg = Release|Any CPU
		{5A5B0BF5-7637-4788-9156-BB6F73184814}.Release|Any CPU.Build.0 = Release|Any CPU
		{B825E126-1E93-4929-932A-FFBABBAE7DF0}.Debug|Any CPU.ActiveCfg = Debug|Any CPU
		{B825E126-1E93-4929-932A-FFBABBAE7DF0}.Debug|Any CPU.Build.0 = Debug|Any CPU
		{B825E126-1E93-4929-932A-FFBABBAE7DF0}.Release|Any CPU.ActiveCfg = Release|Any CPU
		{B825E126-1E93-4929-932A-FFBABBAE7DF0}.Release|Any CPU.Build.0 = Release|Any CPU
		{8911B782-6EC1-4ABC-A5C6-DF0AE029793E}.Debug|Any CPU.ActiveCfg = Debug|Any CPU
		{8911B782-6EC1-4ABC-A5C6-DF0AE029793E}.Debug|Any CPU.Build.0 = Debug|Any CPU
		{8911B782-6EC1-4ABC-A5C6-DF0AE029793E}.Release|Any CPU.ActiveCfg = Release|Any CPU
		{8911B782-6EC1-4ABC-A5C6-DF0AE029793E}.Release|Any CPU.Build.0 = Release|Any CPU
	EndGlobalSection
	GlobalSection(SolutionProperties) = preSolution
		HideSolutionNode = FALSE
	EndGlobalSection
EndGlobal
